// !$*UTF8*$!
{
	archiveVersion = 1;
	classes = {
	};
	objectVersion = 50;
	objects = {

/* Begin PBXBuildFile section */
		B40404AD25627D2400A90043 /* ResizingImage.swift in Sources */ = {isa = PBXBuildFile; fileRef = B40404AC25627D2400A90043 /* ResizingImage.swift */; };
		B40B4E7525595F0A00CCAA2D /* _00DaysOfSwiftUIApp.swift in Sources */ = {isa = PBXBuildFile; fileRef = B40B4E7425595F0A00CCAA2D /* _00DaysOfSwiftUIApp.swift */; };
		B40B4E7725595F0A00CCAA2D /* WeSplit.swift in Sources */ = {isa = PBXBuildFile; fileRef = B40B4E7625595F0A00CCAA2D /* WeSplit.swift */; };
		B40B4E7925595F0C00CCAA2D /* Assets.xcassets in Resources */ = {isa = PBXBuildFile; fileRef = B40B4E7825595F0C00CCAA2D /* Assets.xcassets */; };
		B40B4E7C25595F0C00CCAA2D /* Preview Assets.xcassets in Resources */ = {isa = PBXBuildFile; fileRef = B40B4E7B25595F0C00CCAA2D /* Preview Assets.xcassets */; };
		B40C04A4255AB57000F461EA /* CustomModifiers.swift in Sources */ = {isa = PBXBuildFile; fileRef = B40C04A3255AB57000F461EA /* CustomModifiers.swift */; };
		B40C04A8255AB8C500F461EA /* ViewAndModifiers.swift in Sources */ = {isa = PBXBuildFile; fileRef = B40C04A7255AB8C500F461EA /* ViewAndModifiers.swift */; };
		B42B658F25627FE000C9358B /* ScrollViewData.swift in Sources */ = {isa = PBXBuildFile; fileRef = B42B658E25627FE000C9358B /* ScrollViewData.swift */; };
		B42B6592256281C700C9358B /* PushingViewOnToTheStack.swift in Sources */ = {isa = PBXBuildFile; fileRef = B42B6591256281C700C9358B /* PushingViewOnToTheStack.swift */; };
		B42B65962562881600C9358B /* Moonshot.swift in Sources */ = {isa = PBXBuildFile; fileRef = B42B65952562881600C9358B /* Moonshot.swift */; };
		B42B659B2562883D00C9358B /* astronauts.json in Resources */ = {isa = PBXBuildFile; fileRef = B42B65992562883D00C9358B /* astronauts.json */; };
		B42B659C2562883D00C9358B /* missions.json in Resources */ = {isa = PBXBuildFile; fileRef = B42B659A2562883D00C9358B /* missions.json */; };
		B42B659F2562889A00C9358B /* Astronaut.swift in Sources */ = {isa = PBXBuildFile; fileRef = B42B659E2562889A00C9358B /* Astronaut.swift */; };
		B42B65A22562890800C9358B /* Bundle-Decodable.swift in Sources */ = {isa = PBXBuildFile; fileRef = B42B65A12562890800C9358B /* Bundle-Decodable.swift */; };
		B42B65A525628CDF00C9358B /* Mission.swift in Sources */ = {isa = PBXBuildFile; fileRef = B42B65A425628CDF00C9358B /* Mission.swift */; };
		B42B65AC2562943400C9358B /* MissionView.swift in Sources */ = {isa = PBXBuildFile; fileRef = B42B65AB2562943400C9358B /* MissionView.swift */; };
		B42B65AF2562A01E00C9358B /* AstronautsView.swift in Sources */ = {isa = PBXBuildFile; fileRef = B42B65AE2562A01E00C9358B /* AstronautsView.swift */; };
		B4768039255979170065B830 /* TemperatureConversion.swift in Sources */ = {isa = PBXBuildFile; fileRef = B4768038255979170065B830 /* TemperatureConversion.swift */; };
		B4A4C2BF255ADBDF00DBE63E /* BetterRest.swift in Sources */ = {isa = PBXBuildFile; fileRef = B4A4C2BE255ADBDF00DBE63E /* BetterRest.swift */; };
		B4F863A1255996130036AC6A /* GuessTheFlag.swift in Sources */ = {isa = PBXBuildFile; fileRef = B4F863A0255996130036AC6A /* GuessTheFlag.swift */; };
		B4F863A5255A86F30036AC6A /* ViewComposition.swift in Sources */ = {isa = PBXBuildFile; fileRef = B4F863A4255A86F30036AC6A /* ViewComposition.swift */; };
		F10F2386255DE08A00A01366 /* ImplicitAnimation.swift in Sources */ = {isa = PBXBuildFile; fileRef = F10F2385255DE08A00A01366 /* ImplicitAnimation.swift */; };
		F10F2389256028FD00A01366 /* Niklas.swift in Sources */ = {isa = PBXBuildFile; fileRef = F10F2388256028FD00A01366 /* Niklas.swift */; };
		F10F238C256029AB00A01366 /* AnimationStack.swift in Sources */ = {isa = PBXBuildFile; fileRef = F10F238B256029AB00A01366 /* AnimationStack.swift */; };
		F10F238F25602B5000A01366 /* AnimationGesture.swift in Sources */ = {isa = PBXBuildFile; fileRef = F10F238E25602B5000A01366 /* AnimationGesture.swift */; };
		F10F239225611A4300A01366 /* StateWithObservedObject.swift in Sources */ = {isa = PBXBuildFile; fileRef = F10F239125611A4300A01366 /* StateWithObservedObject.swift */; };
		F10F239625611DAC00A01366 /* ShowingAndHidingViews.swift in Sources */ = {isa = PBXBuildFile; fileRef = F10F239525611DAC00A01366 /* ShowingAndHidingViews.swift */; };
		F10F23992561219100A01366 /* DeletingItemsUsingOnDelete.swift in Sources */ = {isa = PBXBuildFile; fileRef = F10F23982561219100A01366 /* DeletingItemsUsingOnDelete.swift */; };
		F10F239C2561750200A01366 /* iExpense.swift in Sources */ = {isa = PBXBuildFile; fileRef = F10F239B2561750200A01366 /* iExpense.swift */; };
		F10F23A0256179CF00A01366 /* iExpenseAddView.swift in Sources */ = {isa = PBXBuildFile; fileRef = F10F239F256179CF00A01366 /* iExpenseAddView.swift */; };
		F14FC9CB255B279100B1A447 /* SleepCalculator.mlmodel in Sources */ = {isa = PBXBuildFile; fileRef = F14FC9CA255B279100B1A447 /* SleepCalculator.mlmodel */; };
		F14FC9CE255BD66300B1A447 /* WordScramble.swift in Sources */ = {isa = PBXBuildFile; fileRef = F14FC9CD255BD66300B1A447 /* WordScramble.swift */; };
		F14FC9D1255BE3C000B1A447 /* start.txt in Resources */ = {isa = PBXBuildFile; fileRef = F14FC9D0255BE3C000B1A447 /* start.txt */; };
/* End PBXBuildFile section */

/* Begin PBXFileReference section */
		B40404AC25627D2400A90043 /* ResizingImage.swift */ = {isa = PBXFileReference; lastKnownFileType = sourcecode.swift; path = ResizingImage.swift; sourceTree = "<group>"; };
		B40B4E7125595F0A00CCAA2D /* 100DaysOfSwiftUI.app */ = {isa = PBXFileReference; explicitFileType = wrapper.application; includeInIndex = 0; path = 100DaysOfSwiftUI.app; sourceTree = BUILT_PRODUCTS_DIR; };
		B40B4E7425595F0A00CCAA2D /* _00DaysOfSwiftUIApp.swift */ = {isa = PBXFileReference; lastKnownFileType = sourcecode.swift; path = _00DaysOfSwiftUIApp.swift; sourceTree = "<group>"; };
		B40B4E7625595F0A00CCAA2D /* WeSplit.swift */ = {isa = PBXFileReference; lastKnownFileType = sourcecode.swift; path = WeSplit.swift; sourceTree = "<group>"; };
		B40B4E7825595F0C00CCAA2D /* Assets.xcassets */ = {isa = PBXFileReference; lastKnownFileType = folder.assetcatalog; path = Assets.xcassets; sourceTree = "<group>"; };
		B40B4E7B25595F0C00CCAA2D /* Preview Assets.xcassets */ = {isa = PBXFileReference; lastKnownFileType = folder.assetcatalog; path = "Preview Assets.xcassets"; sourceTree = "<group>"; };
		B40B4E7D25595F0C00CCAA2D /* Info.plist */ = {isa = PBXFileReference; lastKnownFileType = text.plist.xml; path = Info.plist; sourceTree = "<group>"; };
		B40C04A3255AB57000F461EA /* CustomModifiers.swift */ = {isa = PBXFileReference; lastKnownFileType = sourcecode.swift; path = CustomModifiers.swift; sourceTree = "<group>"; };
		B40C04A7255AB8C500F461EA /* ViewAndModifiers.swift */ = {isa = PBXFileReference; lastKnownFileType = sourcecode.swift; path = ViewAndModifiers.swift; sourceTree = "<group>"; };
		B42B658E25627FE000C9358B /* ScrollViewData.swift */ = {isa = PBXFileReference; lastKnownFileType = sourcecode.swift; path = ScrollViewData.swift; sourceTree = "<group>"; };
		B42B6591256281C700C9358B /* PushingViewOnToTheStack.swift */ = {isa = PBXFileReference; lastKnownFileType = sourcecode.swift; path = PushingViewOnToTheStack.swift; sourceTree = "<group>"; };
		B42B65952562881600C9358B /* Moonshot.swift */ = {isa = PBXFileReference; lastKnownFileType = sourcecode.swift; path = Moonshot.swift; sourceTree = "<group>"; };
		B42B65992562883D00C9358B /* astronauts.json */ = {isa = PBXFileReference; fileEncoding = 4; lastKnownFileType = text.json; path = astronauts.json; sourceTree = "<group>"; };
		B42B659A2562883D00C9358B /* missions.json */ = {isa = PBXFileReference; fileEncoding = 4; lastKnownFileType = text.json; path = missions.json; sourceTree = "<group>"; };
		B42B659E2562889A00C9358B /* Astronaut.swift */ = {isa = PBXFileReference; lastKnownFileType = sourcecode.swift; path = Astronaut.swift; sourceTree = "<group>"; };
		B42B65A12562890800C9358B /* Bundle-Decodable.swift */ = {isa = PBXFileReference; lastKnownFileType = sourcecode.swift; path = "Bundle-Decodable.swift"; sourceTree = "<group>"; };
		B42B65A425628CDF00C9358B /* Mission.swift */ = {isa = PBXFileReference; lastKnownFileType = sourcecode.swift; path = Mission.swift; sourceTree = "<group>"; };
		B42B65AB2562943400C9358B /* MissionView.swift */ = {isa = PBXFileReference; lastKnownFileType = sourcecode.swift; path = MissionView.swift; sourceTree = "<group>"; };
		B42B65AE2562A01E00C9358B /* AstronautsView.swift */ = {isa = PBXFileReference; lastKnownFileType = sourcecode.swift; path = AstronautsView.swift; sourceTree = "<group>"; };
		B4768038255979170065B830 /* TemperatureConversion.swift */ = {isa = PBXFileReference; lastKnownFileType = sourcecode.swift; path = TemperatureConversion.swift; sourceTree = "<group>"; };
		B4A4C2BE255ADBDF00DBE63E /* BetterRest.swift */ = {isa = PBXFileReference; lastKnownFileType = sourcecode.swift; path = BetterRest.swift; sourceTree = "<group>"; };
		B4F863A0255996130036AC6A /* GuessTheFlag.swift */ = {isa = PBXFileReference; lastKnownFileType = sourcecode.swift; path = GuessTheFlag.swift; sourceTree = "<group>"; };
		B4F863A4255A86F30036AC6A /* ViewComposition.swift */ = {isa = PBXFileReference; lastKnownFileType = sourcecode.swift; path = ViewComposition.swift; sourceTree = "<group>"; };
		F10F2385255DE08A00A01366 /* ImplicitAnimation.swift */ = {isa = PBXFileReference; lastKnownFileType = sourcecode.swift; path = ImplicitAnimation.swift; sourceTree = "<group>"; };
		F10F2388256028FD00A01366 /* Niklas.swift */ = {isa = PBXFileReference; lastKnownFileType = sourcecode.swift; path = Niklas.swift; sourceTree = "<group>"; };
		F10F238B256029AB00A01366 /* AnimationStack.swift */ = {isa = PBXFileReference; lastKnownFileType = sourcecode.swift; path = AnimationStack.swift; sourceTree = "<group>"; };
		F10F238E25602B5000A01366 /* AnimationGesture.swift */ = {isa = PBXFileReference; lastKnownFileType = sourcecode.swift; path = AnimationGesture.swift; sourceTree = "<group>"; };
		F10F239125611A4300A01366 /* StateWithObservedObject.swift */ = {isa = PBXFileReference; lastKnownFileType = sourcecode.swift; path = StateWithObservedObject.swift; sourceTree = "<group>"; };
		F10F239525611DAC00A01366 /* ShowingAndHidingViews.swift */ = {isa = PBXFileReference; lastKnownFileType = sourcecode.swift; path = ShowingAndHidingViews.swift; sourceTree = "<group>"; };
		F10F23982561219100A01366 /* DeletingItemsUsingOnDelete.swift */ = {isa = PBXFileReference; lastKnownFileType = sourcecode.swift; path = DeletingItemsUsingOnDelete.swift; sourceTree = "<group>"; };
		F10F239B2561750200A01366 /* iExpense.swift */ = {isa = PBXFileReference; lastKnownFileType = sourcecode.swift; path = iExpense.swift; sourceTree = "<group>"; };
		F10F239F256179CF00A01366 /* iExpenseAddView.swift */ = {isa = PBXFileReference; lastKnownFileType = sourcecode.swift; path = iExpenseAddView.swift; sourceTree = "<group>"; };
		F14FC9CA255B279100B1A447 /* SleepCalculator.mlmodel */ = {isa = PBXFileReference; lastKnownFileType = file.mlmodel; path = SleepCalculator.mlmodel; sourceTree = "<group>"; };
		F14FC9CD255BD66300B1A447 /* WordScramble.swift */ = {isa = PBXFileReference; lastKnownFileType = sourcecode.swift; path = WordScramble.swift; sourceTree = "<group>"; };
		F14FC9D0255BE3C000B1A447 /* start.txt */ = {isa = PBXFileReference; fileEncoding = 4; lastKnownFileType = text; path = start.txt; sourceTree = "<group>"; };
/* End PBXFileReference section */

/* Begin PBXFrameworksBuildPhase section */
		B40B4E6E25595F0A00CCAA2D /* Frameworks */ = {
			isa = PBXFrameworksBuildPhase;
			buildActionMask = 2147483647;
			files = (
			);
			runOnlyForDeploymentPostprocessing = 0;
		};
/* End PBXFrameworksBuildPhase section */

/* Begin PBXGroup section */
		B40B4E6825595F0A00CCAA2D = {
			isa = PBXGroup;
			children = (
				B40B4E7325595F0A00CCAA2D /* 100DaysOfSwiftUI */,
				B40B4E7225595F0A00CCAA2D /* Products */,
			);
			sourceTree = "<group>";
		};
		B40B4E7225595F0A00CCAA2D /* Products */ = {
			isa = PBXGroup;
			children = (
				B40B4E7125595F0A00CCAA2D /* 100DaysOfSwiftUI.app */,
			);
			name = Products;
			sourceTree = "<group>";
		};
		B40B4E7325595F0A00CCAA2D /* 100DaysOfSwiftUI */ = {
			isa = PBXGroup;
			children = (
				B42B65942562880C00C9358B /* Moonshot */,
				F10F239E256179BD00A01366 /* iExpense */,
				B40B4E7425595F0A00CCAA2D /* _00DaysOfSwiftUIApp.swift */,
				B40B4E7625595F0A00CCAA2D /* WeSplit.swift */,
				B4768038255979170065B830 /* TemperatureConversion.swift */,
				B4F863A0255996130036AC6A /* GuessTheFlag.swift */,
				B4F863A4255A86F30036AC6A /* ViewComposition.swift */,
				B40C04A3255AB57000F461EA /* CustomModifiers.swift */,
				B40C04A7255AB8C500F461EA /* ViewAndModifiers.swift */,
				B4A4C2BE255ADBDF00DBE63E /* BetterRest.swift */,
				F14FC9CA255B279100B1A447 /* SleepCalculator.mlmodel */,
				B40B4E7825595F0C00CCAA2D /* Assets.xcassets */,
				B40B4E7D25595F0C00CCAA2D /* Info.plist */,
				B40B4E7A25595F0C00CCAA2D /* Preview Content */,
				F14FC9CD255BD66300B1A447 /* WordScramble.swift */,
				F14FC9D0255BE3C000B1A447 /* start.txt */,
				F10F2385255DE08A00A01366 /* ImplicitAnimation.swift */,
				F10F2388256028FD00A01366 /* Niklas.swift */,
				F10F238B256029AB00A01366 /* AnimationStack.swift */,
				F10F238E25602B5000A01366 /* AnimationGesture.swift */,
				F10F239125611A4300A01366 /* StateWithObservedObject.swift */,
				F10F239525611DAC00A01366 /* ShowingAndHidingViews.swift */,
				F10F23982561219100A01366 /* DeletingItemsUsingOnDelete.swift */,
				B40404AC25627D2400A90043 /* ResizingImage.swift */,
				B42B658E25627FE000C9358B /* ScrollViewData.swift */,
				B42B6591256281C700C9358B /* PushingViewOnToTheStack.swift */,
			);
			path = 100DaysOfSwiftUI;
			sourceTree = "<group>";
		};
		B40B4E7A25595F0C00CCAA2D /* Preview Content */ = {
			isa = PBXGroup;
			children = (
				B40B4E7B25595F0C00CCAA2D /* Preview Assets.xcassets */,
			);
			path = "Preview Content";
			sourceTree = "<group>";
		};
		B42B65942562880C00C9358B /* Moonshot */ = {
			isa = PBXGroup;
			children = (
				B42B65952562881600C9358B /* Moonshot.swift */,
				B42B65992562883D00C9358B /* astronauts.json */,
				B42B659A2562883D00C9358B /* missions.json */,
				B42B659E2562889A00C9358B /* Astronaut.swift */,
				B42B65A12562890800C9358B /* Bundle-Decodable.swift */,
				B42B65A425628CDF00C9358B /* Mission.swift */,
				B42B65AB2562943400C9358B /* MissionView.swift */,
				B42B65AE2562A01E00C9358B /* AstronautsView.swift */,
			);
			path = Moonshot;
			sourceTree = "<group>";
		};
		F10F239E256179BD00A01366 /* iExpense */ = {
			isa = PBXGroup;
			children = (
				F10F239B2561750200A01366 /* iExpense.swift */,
				F10F239F256179CF00A01366 /* iExpenseAddView.swift */,
			);
			path = iExpense;
			sourceTree = "<group>";
		};
/* End PBXGroup section */

/* Begin PBXNativeTarget section */
		B40B4E7025595F0A00CCAA2D /* 100DaysOfSwiftUI */ = {
			isa = PBXNativeTarget;
			buildConfigurationList = B40B4E8025595F0C00CCAA2D /* Build configuration list for PBXNativeTarget "100DaysOfSwiftUI" */;
			buildPhases = (
				B40B4E6D25595F0A00CCAA2D /* Sources */,
				B40B4E6E25595F0A00CCAA2D /* Frameworks */,
				B40B4E6F25595F0A00CCAA2D /* Resources */,
			);
			buildRules = (
			);
			dependencies = (
			);
			name = 100DaysOfSwiftUI;
			productName = 100DaysOfSwiftUI;
			productReference = B40B4E7125595F0A00CCAA2D /* 100DaysOfSwiftUI.app */;
			productType = "com.apple.product-type.application";
		};
/* End PBXNativeTarget section */

/* Begin PBXProject section */
		B40B4E6925595F0A00CCAA2D /* Project object */ = {
			isa = PBXProject;
			attributes = {
				LastSwiftUpdateCheck = 1200;
				LastUpgradeCheck = 1200;
				TargetAttributes = {
					B40B4E7025595F0A00CCAA2D = {
						CreatedOnToolsVersion = 12.0;
					};
				};
			};
			buildConfigurationList = B40B4E6C25595F0A00CCAA2D /* Build configuration list for PBXProject "100DaysOfSwiftUI" */;
			compatibilityVersion = "Xcode 9.3";
			developmentRegion = en;
			hasScannedForEncodings = 0;
			knownRegions = (
				en,
				Base,
			);
			mainGroup = B40B4E6825595F0A00CCAA2D;
			productRefGroup = B40B4E7225595F0A00CCAA2D /* Products */;
			projectDirPath = "";
			projectRoot = "";
			targets = (
				B40B4E7025595F0A00CCAA2D /* 100DaysOfSwiftUI */,
			);
		};
/* End PBXProject section */

/* Begin PBXResourcesBuildPhase section */
		B40B4E6F25595F0A00CCAA2D /* Resources */ = {
			isa = PBXResourcesBuildPhase;
			buildActionMask = 2147483647;
			files = (
				B40B4E7C25595F0C00CCAA2D /* Preview Assets.xcassets in Resources */,
				B42B659C2562883D00C9358B /* missions.json in Resources */,
				F14FC9D1255BE3C000B1A447 /* start.txt in Resources */,
				B40B4E7925595F0C00CCAA2D /* Assets.xcassets in Resources */,
				B42B659B2562883D00C9358B /* astronauts.json in Resources */,
			);
			runOnlyForDeploymentPostprocessing = 0;
		};
/* End PBXResourcesBuildPhase section */

/* Begin PBXSourcesBuildPhase section */
		B40B4E6D25595F0A00CCAA2D /* Sources */ = {
			isa = PBXSourcesBuildPhase;
			buildActionMask = 2147483647;
			files = (
				B40404AD25627D2400A90043 /* ResizingImage.swift in Sources */,
				F10F238C256029AB00A01366 /* AnimationStack.swift in Sources */,
				B42B65A22562890800C9358B /* Bundle-Decodable.swift in Sources */,
				F14FC9CE255BD66300B1A447 /* WordScramble.swift in Sources */,
				B42B659F2562889A00C9358B /* Astronaut.swift in Sources */,
				B4F863A5255A86F30036AC6A /* ViewComposition.swift in Sources */,
				B4768039255979170065B830 /* TemperatureConversion.swift in Sources */,
				B40B4E7725595F0A00CCAA2D /* WeSplit.swift in Sources */,
				B42B65A525628CDF00C9358B /* Mission.swift in Sources */,
				B40C04A4255AB57000F461EA /* CustomModifiers.swift in Sources */,
				F10F2389256028FD00A01366 /* Niklas.swift in Sources */,
				B40B4E7525595F0A00CCAA2D /* _00DaysOfSwiftUIApp.swift in Sources */,
				F10F239C2561750200A01366 /* iExpense.swift in Sources */,
				B42B6592256281C700C9358B /* PushingViewOnToTheStack.swift in Sources */,
				B42B65962562881600C9358B /* Moonshot.swift in Sources */,
				F10F2386255DE08A00A01366 /* ImplicitAnimation.swift in Sources */,
				B42B658F25627FE000C9358B /* ScrollViewData.swift in Sources */,
				F10F239625611DAC00A01366 /* ShowingAndHidingViews.swift in Sources */,
				B42B65AF2562A01E00C9358B /* AstronautsView.swift in Sources */,
				B40C04A8255AB8C500F461EA /* ViewAndModifiers.swift in Sources */,
				F10F239225611A4300A01366 /* StateWithObservedObject.swift in Sources */,
				F10F23992561219100A01366 /* DeletingItemsUsingOnDelete.swift in Sources */,
				F10F238F25602B5000A01366 /* AnimationGesture.swift in Sources */,
				B4F863A1255996130036AC6A /* GuessTheFlag.swift in Sources */,
				B42B65AC2562943400C9358B /* MissionView.swift in Sources */,
				F14FC9CB255B279100B1A447 /* SleepCalculator.mlmodel in Sources */,
				F10F23A0256179CF00A01366 /* iExpenseAddView.swift in Sources */,
				B4A4C2BF255ADBDF00DBE63E /* BetterRest.swift in Sources */,
			);
			runOnlyForDeploymentPostprocessing = 0;
		};
/* End PBXSourcesBuildPhase section */

/* Begin XCBuildConfiguration section */
		B40B4E7E25595F0C00CCAA2D /* Debug */ = {
			isa = XCBuildConfiguration;
			buildSettings = {
				ALWAYS_SEARCH_USER_PATHS = NO;
				CLANG_ANALYZER_NONNULL = YES;
				CLANG_ANALYZER_NUMBER_OBJECT_CONVERSION = YES_AGGRESSIVE;
				CLANG_CXX_LANGUAGE_STANDARD = "gnu++14";
				CLANG_CXX_LIBRARY = "libc++";
				CLANG_ENABLE_MODULES = YES;
				CLANG_ENABLE_OBJC_ARC = YES;
				CLANG_ENABLE_OBJC_WEAK = YES;
				CLANG_WARN_BLOCK_CAPTURE_AUTORELEASING = YES;
				CLANG_WARN_BOOL_CONVERSION = YES;
				CLANG_WARN_COMMA = YES;
				CLANG_WARN_CONSTANT_CONVERSION = YES;
				CLANG_WARN_DEPRECATED_OBJC_IMPLEMENTATIONS = YES;
				CLANG_WARN_DIRECT_OBJC_ISA_USAGE = YES_ERROR;
				CLANG_WARN_DOCUMENTATION_COMMENTS = YES;
				CLANG_WARN_EMPTY_BODY = YES;
				CLANG_WARN_ENUM_CONVERSION = YES;
				CLANG_WARN_INFINITE_RECURSION = YES;
				CLANG_WARN_INT_CONVERSION = YES;
				CLANG_WARN_NON_LITERAL_NULL_CONVERSION = YES;
				CLANG_WARN_OBJC_IMPLICIT_RETAIN_SELF = YES;
				CLANG_WARN_OBJC_LITERAL_CONVERSION = YES;
				CLANG_WARN_OBJC_ROOT_CLASS = YES_ERROR;
				CLANG_WARN_QUOTED_INCLUDE_IN_FRAMEWORK_HEADER = YES;
				CLANG_WARN_RANGE_LOOP_ANALYSIS = YES;
				CLANG_WARN_STRICT_PROTOTYPES = YES;
				CLANG_WARN_SUSPICIOUS_MOVE = YES;
				CLANG_WARN_UNGUARDED_AVAILABILITY = YES_AGGRESSIVE;
				CLANG_WARN_UNREACHABLE_CODE = YES;
				CLANG_WARN__DUPLICATE_METHOD_MATCH = YES;
				COPY_PHASE_STRIP = NO;
				DEBUG_INFORMATION_FORMAT = dwarf;
				ENABLE_STRICT_OBJC_MSGSEND = YES;
				ENABLE_TESTABILITY = YES;
				GCC_C_LANGUAGE_STANDARD = gnu11;
				GCC_DYNAMIC_NO_PIC = NO;
				GCC_NO_COMMON_BLOCKS = YES;
				GCC_OPTIMIZATION_LEVEL = 0;
				GCC_PREPROCESSOR_DEFINITIONS = (
					"DEBUG=1",
					"$(inherited)",
				);
				GCC_WARN_64_TO_32_BIT_CONVERSION = YES;
				GCC_WARN_ABOUT_RETURN_TYPE = YES_ERROR;
				GCC_WARN_UNDECLARED_SELECTOR = YES;
				GCC_WARN_UNINITIALIZED_AUTOS = YES_AGGRESSIVE;
				GCC_WARN_UNUSED_FUNCTION = YES;
				GCC_WARN_UNUSED_VARIABLE = YES;
				IPHONEOS_DEPLOYMENT_TARGET = 14.0;
				MTL_ENABLE_DEBUG_INFO = INCLUDE_SOURCE;
				MTL_FAST_MATH = YES;
				ONLY_ACTIVE_ARCH = YES;
				SDKROOT = iphoneos;
				SWIFT_ACTIVE_COMPILATION_CONDITIONS = DEBUG;
				SWIFT_OPTIMIZATION_LEVEL = "-Onone";
			};
			name = Debug;
		};
		B40B4E7F25595F0C00CCAA2D /* Release */ = {
			isa = XCBuildConfiguration;
			buildSettings = {
				ALWAYS_SEARCH_USER_PATHS = NO;
				CLANG_ANALYZER_NONNULL = YES;
				CLANG_ANALYZER_NUMBER_OBJECT_CONVERSION = YES_AGGRESSIVE;
				CLANG_CXX_LANGUAGE_STANDARD = "gnu++14";
				CLANG_CXX_LIBRARY = "libc++";
				CLANG_ENABLE_MODULES = YES;
				CLANG_ENABLE_OBJC_ARC = YES;
				CLANG_ENABLE_OBJC_WEAK = YES;
				CLANG_WARN_BLOCK_CAPTURE_AUTORELEASING = YES;
				CLANG_WARN_BOOL_CONVERSION = YES;
				CLANG_WARN_COMMA = YES;
				CLANG_WARN_CONSTANT_CONVERSION = YES;
				CLANG_WARN_DEPRECATED_OBJC_IMPLEMENTATIONS = YES;
				CLANG_WARN_DIRECT_OBJC_ISA_USAGE = YES_ERROR;
				CLANG_WARN_DOCUMENTATION_COMMENTS = YES;
				CLANG_WARN_EMPTY_BODY = YES;
				CLANG_WARN_ENUM_CONVERSION = YES;
				CLANG_WARN_INFINITE_RECURSION = YES;
				CLANG_WARN_INT_CONVERSION = YES;
				CLANG_WARN_NON_LITERAL_NULL_CONVERSION = YES;
				CLANG_WARN_OBJC_IMPLICIT_RETAIN_SELF = YES;
				CLANG_WARN_OBJC_LITERAL_CONVERSION = YES;
				CLANG_WARN_OBJC_ROOT_CLASS = YES_ERROR;
				CLANG_WARN_QUOTED_INCLUDE_IN_FRAMEWORK_HEADER = YES;
				CLANG_WARN_RANGE_LOOP_ANALYSIS = YES;
				CLANG_WARN_STRICT_PROTOTYPES = YES;
				CLANG_WARN_SUSPICIOUS_MOVE = YES;
				CLANG_WARN_UNGUARDED_AVAILABILITY = YES_AGGRESSIVE;
				CLANG_WARN_UNREACHABLE_CODE = YES;
				CLANG_WARN__DUPLICATE_METHOD_MATCH = YES;
				COPY_PHASE_STRIP = NO;
				DEBUG_INFORMATION_FORMAT = "dwarf-with-dsym";
				ENABLE_NS_ASSERTIONS = NO;
				ENABLE_STRICT_OBJC_MSGSEND = YES;
				GCC_C_LANGUAGE_STANDARD = gnu11;
				GCC_NO_COMMON_BLOCKS = YES;
				GCC_WARN_64_TO_32_BIT_CONVERSION = YES;
				GCC_WARN_ABOUT_RETURN_TYPE = YES_ERROR;
				GCC_WARN_UNDECLARED_SELECTOR = YES;
				GCC_WARN_UNINITIALIZED_AUTOS = YES_AGGRESSIVE;
				GCC_WARN_UNUSED_FUNCTION = YES;
				GCC_WARN_UNUSED_VARIABLE = YES;
				IPHONEOS_DEPLOYMENT_TARGET = 14.0;
				MTL_ENABLE_DEBUG_INFO = NO;
				MTL_FAST_MATH = YES;
				SDKROOT = iphoneos;
				SWIFT_COMPILATION_MODE = wholemodule;
				SWIFT_OPTIMIZATION_LEVEL = "-O";
				VALIDATE_PRODUCT = YES;
			};
			name = Release;
		};
		B40B4E8125595F0C00CCAA2D /* Debug */ = {
			isa = XCBuildConfiguration;
			buildSettings = {
				ASSETCATALOG_COMPILER_APPICON_NAME = AppIcon;
				ASSETCATALOG_COMPILER_GLOBAL_ACCENT_COLOR_NAME = AccentColor;
				CODE_SIGN_STYLE = Automatic;
				DEVELOPMENT_ASSET_PATHS = "\"100DaysOfSwiftUI/Preview Content\"";
				DEVELOPMENT_TEAM = AHHF25SA8X;
				ENABLE_PREVIEWS = YES;
				INFOPLIST_FILE = 100DaysOfSwiftUI/Info.plist;
				IPHONEOS_DEPLOYMENT_TARGET = 14.0;
				LD_RUNPATH_SEARCH_PATHS = (
					"$(inherited)",
					"@executable_path/Frameworks",
				);
				PRODUCT_BUNDLE_IDENTIFIER = "com.minaashna.-00DaysOfSwiftUI";
				PRODUCT_NAME = "$(TARGET_NAME)";
				SWIFT_VERSION = 5.0;
				TARGETED_DEVICE_FAMILY = "1,2";
			};
			name = Debug;
		};
		B40B4E8225595F0C00CCAA2D /* Release */ = {
			isa = XCBuildConfiguration;
			buildSettings = {
				ASSETCATALOG_COMPILER_APPICON_NAME = AppIcon;
				ASSETCATALOG_COMPILER_GLOBAL_ACCENT_COLOR_NAME = AccentColor;
				CODE_SIGN_STYLE = Automatic;
				DEVELOPMENT_ASSET_PATHS = "\"100DaysOfSwiftUI/Preview Content\"";
				DEVELOPMENT_TEAM = AHHF25SA8X;
				ENABLE_PREVIEWS = YES;
				INFOPLIST_FILE = 100DaysOfSwiftUI/Info.plist;
				IPHONEOS_DEPLOYMENT_TARGET = 14.0;
				LD_RUNPATH_SEARCH_PATHS = (
					"$(inherited)",
					"@executable_path/Frameworks",
				);
				PRODUCT_BUNDLE_IDENTIFIER = "com.minaashna.-00DaysOfSwiftUI";
				PRODUCT_NAME = "$(TARGET_NAME)";
				SWIFT_VERSION = 5.0;
				TARGETED_DEVICE_FAMILY = "1,2";
			};
			name = Release;
		};
/* End XCBuildConfiguration section */

/* Begin XCConfigurationList section */
		B40B4E6C25595F0A00CCAA2D /* Build configuration list for PBXProject "100DaysOfSwiftUI" */ = {
			isa = XCConfigurationList;
			buildConfigurations = (
				B40B4E7E25595F0C00CCAA2D /* Debug */,
				B40B4E7F25595F0C00CCAA2D /* Release */,
			);
			defaultConfigurationIsVisible = 0;
			defaultConfigurationName = Release;
		};
		B40B4E8025595F0C00CCAA2D /* Build configuration list for PBXNativeTarget "100DaysOfSwiftUI" */ = {
			isa = XCConfigurationList;
			buildConfigurations = (
				B40B4E8125595F0C00CCAA2D /* Debug */,
				B40B4E8225595F0C00CCAA2D /* Release */,
			);
			defaultConfigurationIsVisible = 0;
			defaultConfigurationName = Release;
		};
/* End XCConfigurationList section */
	};
	rootObject = B40B4E6925595F0A00CCAA2D /* Project object */;
}
